// !$*UTF8*$!
{
	archiveVersion = 1;
	classes = {
	};
	objectVersion = 46;
	objects = {

/* Begin PBXBuildFile section */
		9E19C15614D5A78C00F91D78 /* UIKit.framework in Frameworks */ = {isa = PBXBuildFile; fileRef = 9E19C15514D5A78C00F91D78 /* UIKit.framework */; };
		9E19C15814D5A78C00F91D78 /* Foundation.framework in Frameworks */ = {isa = PBXBuildFile; fileRef = 9E19C15714D5A78C00F91D78 /* Foundation.framework */; };
		9E19C15A14D5A78C00F91D78 /* CoreGraphics.framework in Frameworks */ = {isa = PBXBuildFile; fileRef = 9E19C15914D5A78C00F91D78 /* CoreGraphics.framework */; };
		9E19C16014D5A78C00F91D78 /* InfoPlist.strings in Resources */ = {isa = PBXBuildFile; fileRef = 9E19C15E14D5A78C00F91D78 /* InfoPlist.strings */; };
		9E19C16214D5A78C00F91D78 /* main.m in Sources */ = {isa = PBXBuildFile; fileRef = 9E19C16114D5A78C00F91D78 /* main.m */; };
		9E19C16614D5A78C00F91D78 /* CalculatorAppDelegate.m in Sources */ = {isa = PBXBuildFile; fileRef = 9E19C16514D5A78C00F91D78 /* CalculatorAppDelegate.m */; };
		9E19C16914D5A78C00F91D78 /* MainStoryboard.storyboard in Resources */ = {isa = PBXBuildFile; fileRef = 9E19C16714D5A78C00F91D78 /* MainStoryboard.storyboard */; };
		9E19C16C14D5A78C00F91D78 /* CalculatorViewController.m in Sources */ = {isa = PBXBuildFile; fileRef = 9E19C16B14D5A78C00F91D78 /* CalculatorViewController.m */; };
/* End PBXBuildFile section */

/* Begin PBXFileReference section */
		9E19C15114D5A78C00F91D78 /* Calculator.app */ = {isa = PBXFileReference; explicitFileType = wrapper.application; includeInIndex = 0; path = Calculator.app; sourceTree = BUILT_PRODUCTS_DIR; };
		9E19C15514D5A78C00F91D78 /* UIKit.framework */ = {isa = PBXFileReference; lastKnownFileType = wrapper.framework; name = UIKit.framework; path = System/Library/Frameworks/UIKit.framework; sourceTree = SDKROOT; };
		9E19C15714D5A78C00F91D78 /* Foundation.framework */ = {isa = PBXFileReference; lastKnownFileType = wrapper.framework; name = Foundation.framework; path = System/Library/Frameworks/Foundation.framework; sourceTree = SDKROOT; };
		9E19C15914D5A78C00F91D78 /* CoreGraphics.framework */ = {isa = PBXFileReference; lastKnownFileType = wrapper.framework; name = CoreGraphics.framework; path = System/Library/Frameworks/CoreGraphics.framework; sourceTree = SDKROOT; };
		9E19C15D14D5A78C00F91D78 /* Calculator-Info.plist */ = {isa = PBXFileReference; path = "Calculator-Info.plist"; sourceTree = "<group>"; };
		9E19C15F14D5A78C00F91D78 /* en */ = {isa = PBXFileReference; lastKnownFileType = text.plist.strings; name = en; path = en.lproj/InfoPlist.strings; sourceTree = "<group>"; };
		9E19C16114D5A78C00F91D78 /* main.m */ = {isa = PBXFileReference; lastKnownFileType = sourcecode.c.objc; path = main.m; sourceTree = "<group>"; };
		9E19C16314D5A78C00F91D78 /* Calculator-Prefix.pch */ = {isa = PBXFileReference; path = "Calculator-Prefix.pch"; sourceTree = "<group>"; };
		9E19C16414D5A78C00F91D78 /* CalculatorAppDelegate.h */ = {isa = PBXFileReference; path = CalculatorAppDelegate.h; sourceTree = "<group>"; };
		9E19C16514D5A78C00F91D78 /* CalculatorAppDelegate.m */ = {isa = PBXFileReference; lastKnownFileType = sourcecode.c.objc; path = CalculatorAppDelegate.m; sourceTree = "<group>"; };
		9E19C16814D5A78C00F91D78 /* en */ = {isa = PBXFileReference; lastKnownFileType = file.storyboard; name = en; path = en.lproj/MainStoryboard.storyboard; sourceTree = "<group>"; };
		9E19C16A14D5A78C00F91D78 /* CalculatorViewController.h */ = {isa = PBXFileReference; path = CalculatorViewController.h; sourceTree = "<group>"; };
		9E19C16B14D5A78C00F91D78 /* CalculatorViewController.m */ = {isa = PBXFileReference; lastKnownFileType = sourcecode.c.objc; path = CalculatorViewController.m; sourceTree = "<group>"; };
/* End PBXFileReference section */

/* Begin PBXFrameworksBuildPhase section */
		9E19C14E14D5A78C00F91D78 /* Frameworks */ = {
			isa = PBXFrameworksBuildPhase;
			buildActionMask = 2147483647;
			files = (
				9E19C15614D5A78C00F91D78 /* UIKit.framework in Frameworks */,
				9E19C15814D5A78C00F91D78 /* Foundation.framework in Frameworks */,
				9E19C15A14D5A78C00F91D78 /* CoreGraphics.framework in Frameworks */,
			);
			runOnlyForDeploymentPostprocessing = 0;
		};
/* End PBXFrameworksBuildPhase section */

/* Begin PBXGroup section */
		9E19C14614D5A78C00F91D78 = {
			isa = PBXGroup;
			children = (
				9E19C15B14D5A78C00F91D78 /* Calculator */,
				9E19C15414D5A78C00F91D78 /* Frameworks */,
				9E19C15214D5A78C00F91D78 /* Products */,
			);
			sourceTree = "<group>";
		};
		9E19C15214D5A78C00F91D78 /* Products */ = {
			isa = PBXGroup;
			children = (
				9E19C15114D5A78C00F91D78 /* Calculator.app */,
			);
			name = Products;
			sourceTree = "<group>";
		};
		9E19C15414D5A78C00F91D78 /* Frameworks */ = {
			isa = PBXGroup;
			children = (
				9E19C15514D5A78C00F91D78 /* UIKit.framework */,
				9E19C15714D5A78C00F91D78 /* Foundation.framework */,
				9E19C15914D5A78C00F91D78 /* CoreGraphics.framework */,
			);
			name = Frameworks;
			sourceTree = "<group>";
		};
		9E19C15B14D5A78C00F91D78 /* Calculator */ = {
			isa = PBXGroup;
			children = (
				9E19C16414D5A78C00F91D78 /* CalculatorAppDelegate.h */,
				9E19C16514D5A78C00F91D78 /* CalculatorAppDelegate.m */,
				9E19C16714D5A78C00F91D78 /* MainStoryboard.storyboard */,
				9E19C16A14D5A78C00F91D78 /* CalculatorViewController.h */,
				9E19C16B14D5A78C00F91D78 /* CalculatorViewController.m */,
				9E19C15C14D5A78C00F91D78 /* Supporting Files */,
			);
			path = Calculator;
			sourceTree = "<group>";
		};
		9E19C15C14D5A78C00F91D78 /* Supporting Files */ = {
			isa = PBXGroup;
			children = (
				9E19C15D14D5A78C00F91D78 /* Calculator-Info.plist */,
				9E19C15E14D5A78C00F91D78 /* InfoPlist.strings */,
				9E19C16114D5A78C00F91D78 /* main.m */,
				9E19C16314D5A78C00F91D78 /* Calculator-Prefix.pch */,
			);
			name = "Supporting Files";
			sourceTree = "<group>";
		};
/* End PBXGroup section */

/* Begin PBXNativeTarget section */
		9E19C15014D5A78C00F91D78 /* Calculator */ = {
			isa = PBXNativeTarget;
			buildConfigurationList = 9E19C16F14D5A78C00F91D78 /* Build configuration list for PBXNativeTarget "Calculator" */;
			buildPhases = (
				9E19C14D14D5A78C00F91D78 /* Sources */,
				9E19C14E14D5A78C00F91D78 /* Frameworks */,
				9E19C14F14D5A78C00F91D78 /* Resources */,
			);
			buildRules = (
			);
			dependencies = (
			);
			name = Calculator;
			productName = Calculator;
			productReference = 9E19C15114D5A78C00F91D78 /* Calculator.app */;
			productType = "com.apple.product-type.application";
		};
/* End PBXNativeTarget section */

/* Begin PBXProject section */
		9E19C14814D5A78C00F91D78 /* Project object */ = {
			isa = PBXProject;
			attributes = {
				LastUpgradeCheck = 0420;
				ORGANIZATIONNAME = "nexiles GmbH";
			};
			buildConfigurationList = 9E19C14B14D5A78C00F91D78 /* Build configuration list for PBXProject "Calculator" */;
			compatibilityVersion = "Xcode 3.2";
			developmentRegion = English;
			hasScannedForEncodings = 0;
			knownRegions = (
				en,
			);
			mainGroup = 9E19C14614D5A78C00F91D78;
			productRefGroup = 9E19C15214D5A78C00F91D78 /* Products */;
			projectDirPath = "";
			projectRoot = "";
			targets = (
				9E19C15014D5A78C00F91D78 /* Calculator */,
			);
		};
/* End PBXProject section */

/* Begin PBXResourcesBuildPhase section */
		9E19C14F14D5A78C00F91D78 /* Resources */ = {
			isa = PBXResourcesBuildPhase;
			buildActionMask = 2147483647;
			files = (
				9E19C16014D5A78C00F91D78 /* InfoPlist.strings in Resources */,
				9E19C16914D5A78C00F91D78 /* MainStoryboard.storyboard in Resources */,
			);
			runOnlyForDeploymentPostprocessing = 0;
		};
/* End PBXResourcesBuildPhase section */

/* Begin PBXSourcesBuildPhase section */
		9E19C14D14D5A78C00F91D78 /* Sources */ = {
			isa = PBXSourcesBuildPhase;
			buildActionMask = 2147483647;
			files = (
				9E19C16214D5A78C00F91D78 /* main.m in Sources */,
				9E19C16614D5A78C00F91D78 /* CalculatorAppDelegate.m in Sources */,
				9E19C16C14D5A78C00F91D78 /* CalculatorViewController.m in Sources */,
			);
			runOnlyForDeploymentPostprocessing = 0;
		};
/* End PBXSourcesBuildPhase section */

/* Begin PBXVariantGroup section */
		9E19C15E14D5A78C00F91D78 /* InfoPlist.strings */ = {
			isa = PBXVariantGroup;
			children = (
				9E19C15F14D5A78C00F91D78 /* en */,
			);
			name = InfoPlist.strings;
			sourceTree = "<group>";
		};
		9E19C16714D5A78C00F91D78 /* MainStoryboard.storyboard */ = {
			isa = PBXVariantGroup;
			children = (
				9E19C16814D5A78C00F91D78 /* en */,
			);
			name = MainStoryboard.storyboard;
			sourceTree = "<group>";
		};
/* End PBXVariantGroup section */

/* Begin XCBuildConfiguration section */
		9E19C16D14D5A78C00F91D78 /* Debug */ = {
			isa = XCBuildConfiguration;
			buildSettings = {
				ALWAYS_SEARCH_USER_PATHS = NO;
				ARCHS = "$(ARCHS_STANDARD_32_BIT)";
				CLANG_ENABLE_OBJC_ARC = YES;
				"CODE_SIGN_IDENTITY[sdk=iphoneos*]" = "iPhone Developer";
				COPY_PHASE_STRIP = NO;
				GCC_C_LANGUAGE_STANDARD = gnu99;
				GCC_DYNAMIC_NO_PIC = NO;
				GCC_OPTIMIZATION_LEVEL = 0;
				GCC_PREPROCESSOR_DEFINITIONS = (
					"DEBUG=1",
					"$(inherited)",
				);
				GCC_SYMBOLS_PRIVATE_EXTERN = NO;
				GCC_VERSION = com.apple.compilers.llvm.clang.1_0;
				GCC_WARN_ABOUT_MISSING_PROTOTYPES = YES;
				GCC_WARN_ABOUT_RETURN_TYPE = YES;
				GCC_WARN_UNUSED_VARIABLE = YES;
				IPHONEOS_DEPLOYMENT_TARGET = 5.0;
				SDKROOT = iphoneos;
			};
			name = Debug;
		};
		9E19C16E14D5A78C00F91D78 /* Release */ = {
			isa = XCBuildConfiguration;
			buildSettings = {
				ALWAYS_SEARCH_USER_PATHS = NO;
				ARCHS = "$(ARCHS_STANDARD_32_BIT)";
				CLANG_ENABLE_OBJC_ARC = YES;
				"CODE_SIGN_IDENTITY[sdk=iphoneos*]" = "iPhone Developer";
				COPY_PHASE_STRIP = YES;
				GCC_C_LANGUAGE_STANDARD = gnu99;
				GCC_VERSION = com.apple.compilers.llvm.clang.1_0;
				GCC_WARN_ABOUT_MISSING_PROTOTYPES = YES;
				GCC_WARN_ABOUT_RETURN_TYPE = YES;
				GCC_WARN_UNUSED_VARIABLE = YES;
				IPHONEOS_DEPLOYMENT_TARGET = 5.0;
				OTHER_CFLAGS = "-DNS_BLOCK_ASSERTIONS=1";
				SDKROOT = iphoneos;
				VALIDATE_PRODUCT = YES;
			};
			name = Release;
		};
		9E19C17014D5A78C00F91D78 /* Debug */ = {
			isa = XCBuildConfiguration;
			buildSettings = {
				GCC_PRECOMPILE_PREFIX_HEADER = YES;
				GCC_PREFIX_HEADER = "Calculator/Calculator-Prefix.pch";
				INFOPLIST_FILE = "Calculator/Calculator-Info.plist";
				PRODUCT_NAME = "$(TARGET_NAME)";
				WRAPPER_EXTENSION = app;
			};
			name = Debug;
		};
		9E19C17114D5A78C00F91D78 /* Release */ = {
			isa = XCBuildConfiguration;
			buildSettings = {
				GCC_PRECOMPILE_PREFIX_HEADER = YES;
				GCC_PREFIX_HEADER = "Calculator/Calculator-Prefix.pch";
				INFOPLIST_FILE = "Calculator/Calculator-Info.plist";
				PRODUCT_NAME = "$(TARGET_NAME)";
				WRAPPER_EXTENSION = app;
			};
			name = Release;
		};
/* End XCBuildConfiguration section */

/* Begin XCConfigurationList section */
		9E19C14B14D5A78C00F91D78 /* Build configuration list for PBXProject "Calculator" */ = {
			isa = XCConfigurationList;
			buildConfigurations = (
				9E19C16D14D5A78C00F91D78 /* Debug */,
				9E19C16E14D5A78C00F91D78 /* Release */,
			);
			defaultConfigurationIsVisible = 0;
			defaultConfigurationName = Release;
		};
		9E19C16F14D5A78C00F91D78 /* Build configuration list for PBXNativeTarget "Calculator" */ = {
			isa = XCConfigurationList;
			buildConfigurations = (
				9E19C17014D5A78C00F91D78 /* Debug */,
				9E19C17114D5A78C00F91D78 /* Release */,
			);
			defaultConfigurationIsVisible = 0;
		};
/* End XCConfigurationList section */
	};
	rootObject = 9E19C14814D5A78C00F91D78 /* Project object */;
}
